PODS:
  - FlutterMacOS (1.0.0)
  - on_chain_bridge (0.0.1):
    - FlutterMacOS

DEPENDENCIES:
  - FlutterMacOS (from `Flutter/ephemeral`)
  - on_chain_bridge (from `Flutter/ephemeral/.symlinks/plugins/on_chain_bridge/macos`)

EXTERNAL SOURCES:
  FlutterMacOS:
    :path: Flutter/ephemeral
  on_chain_bridge:
    :path: Flutter/ephemeral/.symlinks/plugins/on_chain_bridge/macos

SPEC CHECKSUMS:
  FlutterMacOS: 8f6f14fa908a6fb3fba0cd85dbd81ec4b251fb24
  on_chain_bridge: 5b3db3cc401bef2cfecb6c622afaf37c9667aedb

PODFILE CHECKSUM: 7eb978b976557c8c1cd717d8185ec483fd090a82

COCOAPODS: 1.15.2
